
Microsoft Visual Studio Solution File, Format Version 12.00
Project("{FAE04EC0-301F-11D3-BF4B-00C04F79EFBC}") = "src\ProjectBicep.WebApi", "src\ProjectBicep.WebApi\ProjectBicep.WebApi.csproj", "{436E7189-E096-42AB-AF4B-78D2D653B30A}"
EndProject
Project("{2150E333-8FDC-42A3-9474-1A3956D46DE8}") = "src", "src", "{B55BDE83-06E2-448A-8651-5E0D747EBB7D}"
EndProject
Project("{2150E333-8FDC-42A3-9474-1A3956D46DE8}") = "infra", "infra", "{4EA8E271-C6BF-4B49-B8D4-C4CA649C7088}"
	ProjectSection(SolutionItems) = preProject
		infra\main.bicep = infra\main.bicep
		infra\secrets.json = infra\secrets.json
		infra\secrets.sample.json = infra\secrets.sample.json
	EndProjectSection
EndProject
Project("{2150E333-8FDC-42A3-9474-1A3956D46DE8}") = "modules", "modules", "{DA73282D-72C5-4FEB-AE89-9280A7379FF3}"
	ProjectSection(SolutionItems) = preProject
		infra\modules\app-service.bicep = infra\modules\app-service.bicep
		infra\modules\key-vault.bicep = infra\modules\key-vault.bicep
		infra\modules\key-vault-access.bicep = infra\modules\key-vault-access.bicep
		infra\modules\resource-group.bicep = infra\modules\resource-group.bicep
		infra\modules\storage.bicep = infra\modules\storage.bicep
	EndProjectSection
EndProject
Project("{2150E333-8FDC-42A3-9474-1A3956D46DE8}") = "parameters", "parameters", "{4458D58B-1F76-40A6-B057-C818C0FBAB93}"
	ProjectSection(SolutionItems) = preProject
		infra\parameters\dev.json = infra\parameters\dev.json
		infra\parameters\prod.json = infra\parameters\prod.json
		infra\parameters\test.json = infra\parameters\test.json
	EndProjectSection
EndProject
Project("{2150E333-8FDC-42A3-9474-1A3956D46DE8}") = "Solution Files", "Solution Files", "{68021CF4-0E8D-44D8-A6B1-4EA763E135C6}"
	ProjectSection(SolutionItems) = preProject
		.gitignore = .gitignore
		README.md = README.md
	EndProjectSection
EndProject
Global
	GlobalSection(SolutionConfigurationPlatforms) = preSolution
		Debug|Any CPU = Debug|Any CPU
		Release|Any CPU = Release|Any CPU
	EndGlobalSection
	GlobalSection(ProjectConfigurationPlatforms) = postSolution
		{436E7189-E096-42AB-AF4B-78D2D653B30A}.Debug|Any CPU.ActiveCfg = Debug|Any CPU
		{436E7189-E096-42AB-AF4B-78D2D653B30A}.Debug|Any CPU.Build.0 = Debug|Any CPU
		{436E7189-E096-42AB-AF4B-78D2D653B30A}.Release|Any CPU.ActiveCfg = Release|Any CPU
		{436E7189-E096-42AB-AF4B-78D2D653B30A}.Release|Any CPU.Build.0 = Release|Any CPU
	EndGlobalSection
	GlobalSection(NestedProjects) = preSolution
		{436E7189-E096-42AB-AF4B-78D2D653B30A} = {B55BDE83-06E2-448A-8651-5E0D747EBB7D}
		{DA73282D-72C5-4FEB-AE89-9280A7379FF3} = {4EA8E271-C6BF-4B49-B8D4-C4CA649C7088}
		{4458D58B-1F76-40A6-B057-C818C0FBAB93} = {4EA8E271-C6BF-4B49-B8D4-C4CA649C7088}
	EndGlobalSection
EndGlobal
